
Microsoft Visual Studio Solution File, Format Version 12.00
# Visual Studio Version 17
VisualStudioVersion = 17.14.36915.13
MinimumVisualStudioVersion = 10.0.40219.1
Project("{FAE04EC0-301F-11D3-BF4B-00C04F79EFBC}") = "NVGInventory", "NVGInventory.csproj", "{0AF9B3BD-E9F0-4F2F-B170-8CAF8329FA89}"
EndProject
Project("{FAE04EC0-301F-11D3-BF4B-00C04F79EFBC}") = "NVGInventory.Tests", "NVGInventory.Tests\NVGInventory.Tests.csproj", "{15D54273-8BFF-414C-8F4F-AE7BC41086B7}"
EndProject
Global
	GlobalSection(SolutionConfigurationPlatforms) = preSolution
		Debug|Any CPU = Debug|Any CPU
		Debug|x64 = Debug|x64
		Debug|x86 = Debug|x86
		Release|Any CPU = Release|Any CPU
		Release|x64 = Release|x64
		Release|x86 = Release|x86
	EndGlobalSection
	GlobalSection(ProjectConfigurationPlatforms) = postSolution
		{0AF9B3BD-E9F0-4F2F-B170-8CAF8329FA89}.Debug|Any CPU.ActiveCfg = Debug|Any CPU
		{0AF9B3BD-E9F0-4F2F-B170-8CAF8329FA89}.Debug|Any CPU.Build.0 = Debug|Any CPU
		{0AF9B3BD-E9F0-4F2F-B170-8CAF8329FA89}.Debug|x64.ActiveCfg = Debug|Any CPU
		{0AF9B3BD-E9F0-4F2F-B170-8CAF8329FA89}.Debug|x64.Build.0 = Debug|Any CPU
		{0AF9B3BD-E9F0-4F2F-B170-8CAF8329FA89}.Debug|x86.ActiveCfg = Debug|Any CPU
		{0AF9B3BD-E9F0-4F2F-B170-8CAF8329FA89}.Debug|x86.Build.0 = Debug|Any CPU
		{0AF9B3BD-E9F0-4F2F-B170-8CAF8329FA89}.Release|Any CPU.ActiveCfg = Release|Any CPU
		{0AF9B3BD-E9F0-4F2F-B170-8CAF8329FA89}.Release|Any CPU.Build.0 = Release|Any CPU
		{0AF9B3BD-E9F0-4F2F-B170-8CAF8329FA89}.Release|x64.ActiveCfg = Release|Any CPU
		{0AF9B3BD-E9F0-4F2F-B170-8CAF8329FA89}.Release|x64.Build.0 = Release|Any CPU
		{0AF9B3BD-E9F0-4F2F-B170-8CAF8329FA89}.Release|x86.ActiveCfg = Release|Any CPU
		{0AF9B3BD-E9F0-4F2F-B170-8CAF8329FA89}.Release|x86.Build.0 = Release|Any CPU
		{15D54273-8BFF-414C-8F4F-AE7BC41086B7}.Debug|Any CPU.ActiveCfg = Debug|Any CPU
		{15D54273-8BFF-414C-8F4F-AE7BC41086B7}.Debug|Any CPU.Build.0 = Debug|Any CPU
		{15D54273-8BFF-414C-8F4F-AE7BC41086B7}.Debug|x64.ActiveCfg = Debug|Any CPU
		{15D54273-8BFF-414C-8F4F-AE7BC41086B7}.Debug|x64.Build.0 = Debug|Any CPU
		{15D54273-8BFF-414C-8F4F-AE7BC41086B7}.Debug|x86.ActiveCfg = Debug|Any CPU
		{15D54273-8BFF-414C-8F4F-AE7BC41086B7}.Debug|x86.Build.0 = Debug|Any CPU
		{15D54273-8BFF-414C-8F4F-AE7BC41086B7}.Release|Any CPU.ActiveCfg = Release|Any CPU
		{15D54273-8BFF-414C-8F4F-AE7BC41086B7}.Release|Any CPU.Build.0 = Release|Any CPU
		{15D54273-8BFF-414C-8F4F-AE7BC41086B7}.Release|x64.ActiveCfg = Release|Any CPU
		{15D54273-8BFF-414C-8F4F-AE7BC41086B7}.Release|x64.Build.0 = Release|Any CPU
		{15D54273-8BFF-414C-8F4F-AE7BC41086B7}.Release|x86.ActiveCfg = Release|Any CPU
		{15D54273-8BFF-414C-8F4F-AE7BC41086B7}.Release|x86.Build.0 = Release|Any CPU
	EndGlobalSection
	GlobalSection(SolutionProperties) = preSolution
		HideSolutionNode = FALSE
	EndGlobalSection
	GlobalSection(ExtensibilityGlobals) = postSolution
		SolutionGuid = {976A8898-E71A-4BF5-8E7B-C84836C7A5FE}
	EndGlobalSection
EndGlobal
